
Microsoft Visual Studio Solution File, Format Version 12.00
# Visual Studio Version 16
VisualStudioVersion = 16.0.31129.286
MinimumVisualStudioVersion = 10.0.40219.1
Project("{FAE04EC0-301F-11D3-BF4B-00C04F79EFBC}") = "Desktop", "Desktop.csproj", "{E31266BF-C194-4F2A-8170-29A7C5D66880}"
EndProject
Global
	GlobalSection(SolutionConfigurationPlatforms) = preSolution
		Debug|Any CPU = Debug|Any CPU
		Release|Any CPU = Release|Any CPU
	EndGlobalSection
	GlobalSection(ProjectConfigurationPlatforms) = postSolution
		{E31266BF-C194-4F2A-8170-29A7C5D66880}.Debug|Any CPU.ActiveCfg = Debug|Any CPU
		{E31266BF-C194-4F2A-8170-29A7C5D66880}.Debug|Any CPU.Build.0 = Debug|Any CPU
		{E31266BF-C194-4F2A-8170-29A7C5D66880}.Release|Any CPU.ActiveCfg = Release|Any CPU
		{E31266BF-C194-4F2A-8170-29A7C5D66880}.Release|Any CPU.Build.0 = Release|Any CPU
	EndGlobalSection
	GlobalSection(SolutionProperties) = preSolution
		HideSolutionNode = FALSE
	EndGlobalSection
	GlobalSection(ExtensibilityGlobals) = postSolution
		SolutionGuid = {BC315B8E-1CDD-421D-8925-BDF254E14045}
	EndGlobalSection
EndGlobal
